# This file is automatically @generated by Cargo.
# It is not intended for manual editing.
version = 4

[[package]]
name = "ferrobridge-openehr"
version = "0.0.0"
dependencies = [
 "ferrobridge-testkit",
]

[[package]]
name = "ferrobridge-server"
version = "0.0.1"

[[package]]
name = "ferrobridge-term"
version = "0.0.0"
dependencies = [
 "ferrobridge-testkit",
]

[[package]]
name = "ferrobridge-testkit"
version = "0.0.1"

[[package]]
name = "fhirconnect"
version = "0.0.0"
dependencies = [
 "ferrobridge-testkit",
]

[[package]]
name = "omocl"
version = "0.0.0"
dependencies = [
 "ferrobridge-testkit",
]

[[package]]
name = "omop-cdm"
version = "0.0.0"
dependencies = [
 "ferrobridge-testkit",
]

[[package]]
name = "openehr-mapping-core"
version = "0.0.0"
