# This file is automatically @generated by Cargo.
# It is not intended for manual editing.
version = 4

[[package]]
name = "ferrobridge-openehr"
version = "0.0.0"
dependencies = [
 "ferrobridge-testkit",
]

[[package]]
name = "ferrobridge-server"
version = "0.0.1"

[[package]]
name = "ferrobridge-term"
version = "0.0.0"
dependencies = [
 "ferrobridge-testkit",
]

[[package]]
name = "ferrobridge-testkit"
version = "0.0.1"

[[package]]
name = "fhir-tree"
version = "0.0.0"
dependencies = [
 "ferrobridge-testkit",
]

[[package]]
name = "fhirconnect-engine"
version = "0.0.0"
dependencies = [
 "ferrobridge-testkit",
]

[[package]]
name = "fhirconnect-model"
version = "0.0.0"
dependencies = [
 "ferrobridge-testkit",
]

[[package]]
name = "fhirconnect-resolve"
version = "0.0.0"
dependencies = [
 "ferrobridge-testkit",
]

[[package]]
name = "omocl-engine"
version = "0.0.0"
dependencies = [
 "ferrobridge-testkit",
]

[[package]]
name = "omocl-model"
version = "0.0.0"
dependencies = [
 "ferrobridge-testkit",
]

[[package]]
name = "omop-cdm"
version = "0.0.0"
dependencies = [
 "ferrobridge-testkit",
]

[[package]]
name = "openehr-mapping-core"
version = "0.0.0"

[[package]]
name = "openehr-path"
version = "0.0.0"
dependencies = [
 "ferrobridge-testkit",
]
